// !$*UTF8*$!
{
	archiveVersion = 1;
	classes = {
	};
	objectVersion = 55;
	objects = {

/* Begin PBXBuildFile section */
		810B29C828A1E03300E6FFE8 /* SeSACButton.swift in Sources */ = {isa = PBXBuildFile; fileRef = 810B29C728A1E03300E6FFE8 /* SeSACButton.swift */; };
		810B29CA28A1E60100E6FFE8 /* CardView.xib in Resources */ = {isa = PBXBuildFile; fileRef = 810B29C928A1E60100E6FFE8 /* CardView.xib */; };
		810B29CC28A1E64400E6FFE8 /* CardView.swift in Sources */ = {isa = PBXBuildFile; fileRef = 810B29CB28A1E64400E6FFE8 /* CardView.swift */; };
		810B29CF28A1F37E00E6FFE8 /* CardCollectionViewCell.swift in Sources */ = {isa = PBXBuildFile; fileRef = 810B29CD28A1F37E00E6FFE8 /* CardCollectionViewCell.swift */; };
		810B29D028A1F37E00E6FFE8 /* CardCollectionViewCell.xib in Resources */ = {isa = PBXBuildFile; fileRef = 810B29CE28A1F37E00E6FFE8 /* CardCollectionViewCell.xib */; };
		810B29D228A1F63400E6FFE8 /* MainViewController.swift in Sources */ = {isa = PBXBuildFile; fileRef = 810B29D128A1F63400E6FFE8 /* MainViewController.swift */; };
		810B29D428A1FC2500E6FFE8 /* MainTableViewCell.swift in Sources */ = {isa = PBXBuildFile; fileRef = 810B29D328A1FC2500E6FFE8 /* MainTableViewCell.swift */; };
		813BBB7228A5D89500750120 /* YPImagePicker in Frameworks */ = {isa = PBXBuildFile; productRef = 813BBB7128A5D89500750120 /* YPImagePicker */; };
		813BBB7428A5DD1A00750120 /* CameraViewController.swift in Sources */ = {isa = PBXBuildFile; fileRef = 813BBB7328A5DD1A00750120 /* CameraViewController.swift */; };
		81652DB828A3306F0061AD3A /* ReusableViewProtocol.swift in Sources */ = {isa = PBXBuildFile; fileRef = 81652DB728A3306F0061AD3A /* ReusableViewProtocol.swift */; };
		81652DBA28A343E60061AD3A /* TMDBAPIManager.swift in Sources */ = {isa = PBXBuildFile; fileRef = 81652DB928A343E60061AD3A /* TMDBAPIManager.swift */; };
		818AA6DE28A4939B001E4281 /* MapViewController.swift in Sources */ = {isa = PBXBuildFile; fileRef = 818AA6DD28A4939B001E4281 /* MapViewController.swift */; };
		8192696D28A87D3000B28867 /* LocationAPI.swift in Sources */ = {isa = PBXBuildFile; fileRef = 8192696C28A87D3000B28867 /* LocationAPI.swift */; };
		8192697028A881DB00B28867 /* LocationInfo.swift in Sources */ = {isa = PBXBuildFile; fileRef = 8192696F28A881DB00B28867 /* LocationInfo.swift */; };
		8192697228A8841600B28867 /* WeatherAPI.swift in Sources */ = {isa = PBXBuildFile; fileRef = 8192697128A8841600B28867 /* WeatherAPI.swift */; };
		8192697428A887C000B28867 /* WeatherInfo.swift in Sources */ = {isa = PBXBuildFile; fileRef = 8192697328A887C000B28867 /* WeatherInfo.swift */; };
		8192697728A88F0500B28867 /* WeatherViewController.swift in Sources */ = {isa = PBXBuildFile; fileRef = 8192697628A88F0400B28867 /* WeatherViewController.swift */; };
		8192697928A88F0E00B28867 /* Weather.storyboard in Resources */ = {isa = PBXBuildFile; fileRef = 8192697828A88F0E00B28867 /* Weather.storyboard */; };
		8192697B28A8B76E00B28867 /* WeatherStatus.swift in Sources */ = {isa = PBXBuildFile; fileRef = 8192697A28A8B76E00B28867 /* WeatherStatus.swift */; };
		81CFA17028A08FE500A05426 /* AppDelegate.swift in Sources */ = {isa = PBXBuildFile; fileRef = 81CFA16F28A08FE500A05426 /* AppDelegate.swift */; };
		81CFA17228A08FE500A05426 /* SceneDelegate.swift in Sources */ = {isa = PBXBuildFile; fileRef = 81CFA17128A08FE500A05426 /* SceneDelegate.swift */; };
		81CFA17428A08FE500A05426 /* ViewController.swift in Sources */ = {isa = PBXBuildFile; fileRef = 81CFA17328A08FE500A05426 /* ViewController.swift */; };
		81CFA17728A08FE500A05426 /* Main.storyboard in Resources */ = {isa = PBXBuildFile; fileRef = 81CFA17528A08FE500A05426 /* Main.storyboard */; };
		81CFA17928A08FE600A05426 /* Assets.xcassets in Resources */ = {isa = PBXBuildFile; fileRef = 81CFA17828A08FE600A05426 /* Assets.xcassets */; };
		81CFA17C28A08FE600A05426 /* LaunchScreen.storyboard in Resources */ = {isa = PBXBuildFile; fileRef = 81CFA17A28A08FE600A05426 /* LaunchScreen.storyboard */; };
		81CFA18628A0901800A05426 /* Alamofire in Frameworks */ = {isa = PBXBuildFile; productRef = 81CFA18528A0901800A05426 /* Alamofire */; };
		81CFA18928A0902300A05426 /* SwiftyJSON in Frameworks */ = {isa = PBXBuildFile; productRef = 81CFA18828A0902300A05426 /* SwiftyJSON */; };
		81CFA18F28A0903F00A05426 /* Kingfisher in Frameworks */ = {isa = PBXBuildFile; productRef = 81CFA18E28A0903F00A05426 /* Kingfisher */; };
		81CFA19128A090CA00A05426 /* .gitignore in Resources */ = {isa = PBXBuildFile; fileRef = 81CFA19028A090CA00A05426 /* .gitignore */; };
		81CFA19328A0911200A05426 /* APIKey.swift in Sources */ = {isa = PBXBuildFile; fileRef = 81CFA19228A0911200A05426 /* APIKey.swift */; };
		81CFA19628A0949D00A05426 /* Endpoint.swift in Sources */ = {isa = PBXBuildFile; fileRef = 81CFA19528A0949D00A05426 /* Endpoint.swift */; };
		81CFA19828A0951500A05426 /* URL+Extension.swift in Sources */ = {isa = PBXBuildFile; fileRef = 81CFA19728A0951500A05426 /* URL+Extension.swift */; };
		81CFA19A28A0A79300A05426 /* KakaoAPIManger.swift in Sources */ = {isa = PBXBuildFile; fileRef = 81CFA19928A0A79300A05426 /* KakaoAPIManger.swift */; };
		81CFA19C28A0ABF400A05426 /* ClosureViewController.swift in Sources */ = {isa = PBXBuildFile; fileRef = 81CFA19B28A0ABF400A05426 /* ClosureViewController.swift */; };
/* End PBXBuildFile section */

/* Begin PBXFileReference section */
		810B29C728A1E03300E6FFE8 /* SeSACButton.swift */ = {isa = PBXFileReference; lastKnownFileType = sourcecode.swift; path = SeSACButton.swift; sourceTree = "<group>"; };
		810B29C928A1E60100E6FFE8 /* CardView.xib */ = {isa = PBXFileReference; lastKnownFileType = file.xib; path = CardView.xib; sourceTree = "<group>"; };
		810B29CB28A1E64400E6FFE8 /* CardView.swift */ = {isa = PBXFileReference; lastKnownFileType = sourcecode.swift; path = CardView.swift; sourceTree = "<group>"; };
		810B29CD28A1F37E00E6FFE8 /* CardCollectionViewCell.swift */ = {isa = PBXFileReference; lastKnownFileType = sourcecode.swift; name = CardCollectionViewCell.swift; path = SeSACWeek6th/CardCollectionViewCell.swift; sourceTree = SOURCE_ROOT; };
		810B29CE28A1F37E00E6FFE8 /* CardCollectionViewCell.xib */ = {isa = PBXFileReference; lastKnownFileType = file.xib; name = CardCollectionViewCell.xib; path = SeSACWeek6th/CardCollectionViewCell.xib; sourceTree = SOURCE_ROOT; };
		810B29D128A1F63400E6FFE8 /* MainViewController.swift */ = {isa = PBXFileReference; lastKnownFileType = sourcecode.swift; path = MainViewController.swift; sourceTree = "<group>"; };
		810B29D328A1FC2500E6FFE8 /* MainTableViewCell.swift */ = {isa = PBXFileReference; lastKnownFileType = sourcecode.swift; name = MainTableViewCell.swift; path = SeSACWeek6th/MainTableViewCell.swift; sourceTree = SOURCE_ROOT; };
		813BBB7328A5DD1A00750120 /* CameraViewController.swift */ = {isa = PBXFileReference; lastKnownFileType = sourcecode.swift; path = CameraViewController.swift; sourceTree = "<group>"; };
		81652DB728A3306F0061AD3A /* ReusableViewProtocol.swift */ = {isa = PBXFileReference; lastKnownFileType = sourcecode.swift; path = ReusableViewProtocol.swift; sourceTree = "<group>"; };
		81652DB928A343E60061AD3A /* TMDBAPIManager.swift */ = {isa = PBXFileReference; lastKnownFileType = sourcecode.swift; path = TMDBAPIManager.swift; sourceTree = "<group>"; };
		818AA6DD28A4939B001E4281 /* MapViewController.swift */ = {isa = PBXFileReference; lastKnownFileType = sourcecode.swift; path = MapViewController.swift; sourceTree = "<group>"; };
		8192696C28A87D3000B28867 /* LocationAPI.swift */ = {isa = PBXFileReference; lastKnownFileType = sourcecode.swift; path = LocationAPI.swift; sourceTree = "<group>"; };
		8192696F28A881DB00B28867 /* LocationInfo.swift */ = {isa = PBXFileReference; lastKnownFileType = sourcecode.swift; path = LocationInfo.swift; sourceTree = "<group>"; };
		8192697128A8841600B28867 /* WeatherAPI.swift */ = {isa = PBXFileReference; lastKnownFileType = sourcecode.swift; path = WeatherAPI.swift; sourceTree = "<group>"; };
		8192697328A887C000B28867 /* WeatherInfo.swift */ = {isa = PBXFileReference; lastKnownFileType = sourcecode.swift; path = WeatherInfo.swift; sourceTree = "<group>"; };
		8192697628A88F0400B28867 /* WeatherViewController.swift */ = {isa = PBXFileReference; lastKnownFileType = sourcecode.swift; path = WeatherViewController.swift; sourceTree = "<group>"; };
		8192697828A88F0E00B28867 /* Weather.storyboard */ = {isa = PBXFileReference; lastKnownFileType = file.storyboard; path = Weather.storyboard; sourceTree = "<group>"; };
		8192697A28A8B76E00B28867 /* WeatherStatus.swift */ = {isa = PBXFileReference; lastKnownFileType = sourcecode.swift; path = WeatherStatus.swift; sourceTree = "<group>"; };
		81CFA16C28A08FE500A05426 /* SeSACWeek6th.app */ = {isa = PBXFileReference; explicitFileType = wrapper.application; includeInIndex = 0; path = SeSACWeek6th.app; sourceTree = BUILT_PRODUCTS_DIR; };
		81CFA16F28A08FE500A05426 /* AppDelegate.swift */ = {isa = PBXFileReference; lastKnownFileType = sourcecode.swift; path = AppDelegate.swift; sourceTree = "<group>"; };
		81CFA17128A08FE500A05426 /* SceneDelegate.swift */ = {isa = PBXFileReference; lastKnownFileType = sourcecode.swift; path = SceneDelegate.swift; sourceTree = "<group>"; };
		81CFA17328A08FE500A05426 /* ViewController.swift */ = {isa = PBXFileReference; lastKnownFileType = sourcecode.swift; path = ViewController.swift; sourceTree = "<group>"; };
		81CFA17628A08FE500A05426 /* Base */ = {isa = PBXFileReference; lastKnownFileType = file.storyboard; name = Base; path = Base.lproj/Main.storyboard; sourceTree = "<group>"; };
		81CFA17828A08FE600A05426 /* Assets.xcassets */ = {isa = PBXFileReference; lastKnownFileType = folder.assetcatalog; path = Assets.xcassets; sourceTree = "<group>"; };
		81CFA17B28A08FE600A05426 /* Base */ = {isa = PBXFileReference; lastKnownFileType = file.storyboard; name = Base; path = Base.lproj/LaunchScreen.storyboard; sourceTree = "<group>"; };
		81CFA17D28A08FE600A05426 /* Info.plist */ = {isa = PBXFileReference; lastKnownFileType = text.plist.xml; path = Info.plist; sourceTree = "<group>"; };
		81CFA19028A090CA00A05426 /* .gitignore */ = {isa = PBXFileReference; lastKnownFileType = text; path = .gitignore; sourceTree = "<group>"; };
		81CFA19228A0911200A05426 /* APIKey.swift */ = {isa = PBXFileReference; lastKnownFileType = sourcecode.swift; path = APIKey.swift; sourceTree = "<group>"; };
		81CFA19528A0949D00A05426 /* Endpoint.swift */ = {isa = PBXFileReference; lastKnownFileType = sourcecode.swift; path = Endpoint.swift; sourceTree = "<group>"; };
		81CFA19728A0951500A05426 /* URL+Extension.swift */ = {isa = PBXFileReference; lastKnownFileType = sourcecode.swift; path = "URL+Extension.swift"; sourceTree = "<group>"; };
		81CFA19928A0A79300A05426 /* KakaoAPIManger.swift */ = {isa = PBXFileReference; lastKnownFileType = sourcecode.swift; path = KakaoAPIManger.swift; sourceTree = "<group>"; };
		81CFA19B28A0ABF400A05426 /* ClosureViewController.swift */ = {isa = PBXFileReference; lastKnownFileType = sourcecode.swift; path = ClosureViewController.swift; sourceTree = "<group>"; };
/* End PBXFileReference section */

/* Begin PBXFrameworksBuildPhase section */
		81CFA16928A08FE500A05426 /* Frameworks */ = {
			isa = PBXFrameworksBuildPhase;
			buildActionMask = 2147483647;
			files = (
				81CFA18F28A0903F00A05426 /* Kingfisher in Frameworks */,
				81CFA18928A0902300A05426 /* SwiftyJSON in Frameworks */,
				81CFA18628A0901800A05426 /* Alamofire in Frameworks */,
				813BBB7228A5D89500750120 /* YPImagePicker in Frameworks */,
			);
			runOnlyForDeploymentPostprocessing = 0;
		};
/* End PBXFrameworksBuildPhase section */

/* Begin PBXGroup section */
		81652DB628A330590061AD3A /* Protocol */ = {
			isa = PBXGroup;
			children = (
				81652DB728A3306F0061AD3A /* ReusableViewProtocol.swift */,
			);
			path = Protocol;
			sourceTree = "<group>";
		};
		8192696A28A87CDC00B28867 /* Weather */ = {
			isa = PBXGroup;
			children = (
				8192697528A88EDB00B28867 /* WeatherVC */,
				8192696B28A87D0000B28867 /* WeatherAPIManager */,
				8192696E28A881B700B28867 /* InfoStruct */,
			);
			path = Weather;
			sourceTree = "<group>";
		};
		8192696B28A87D0000B28867 /* WeatherAPIManager */ = {
			isa = PBXGroup;
			children = (
				8192696C28A87D3000B28867 /* LocationAPI.swift */,
				8192697128A8841600B28867 /* WeatherAPI.swift */,
			);
			path = WeatherAPIManager;
			sourceTree = "<group>";
		};
		8192696E28A881B700B28867 /* InfoStruct */ = {
			isa = PBXGroup;
			children = (
				8192696F28A881DB00B28867 /* LocationInfo.swift */,
				8192697328A887C000B28867 /* WeatherInfo.swift */,
				8192697A28A8B76E00B28867 /* WeatherStatus.swift */,
			);
			path = InfoStruct;
			sourceTree = "<group>";
		};
		8192697528A88EDB00B28867 /* WeatherVC */ = {
			isa = PBXGroup;
			children = (
				8192697628A88F0400B28867 /* WeatherViewController.swift */,
				8192697828A88F0E00B28867 /* Weather.storyboard */,
			);
			path = WeatherVC;
			sourceTree = "<group>";
		};
		81CFA16328A08FE500A05426 = {
			isa = PBXGroup;
			children = (
				81CFA19028A090CA00A05426 /* .gitignore */,
				81CFA16E28A08FE500A05426 /* SeSACWeek6th */,
				81CFA16D28A08FE500A05426 /* Products */,
			);
			sourceTree = "<group>";
		};
		81CFA16D28A08FE500A05426 /* Products */ = {
			isa = PBXGroup;
			children = (
				81CFA16C28A08FE500A05426 /* SeSACWeek6th.app */,
			);
			name = Products;
			sourceTree = "<group>";
		};
		81CFA16E28A08FE500A05426 /* SeSACWeek6th */ = {
			isa = PBXGroup;
			children = (
				8192696A28A87CDC00B28867 /* Weather */,
				81652DB628A330590061AD3A /* Protocol */,
				81CFA18328A08FF400A05426 /* View */,
				81CFA19428A0948400A05426 /* Network */,
				81CFA16F28A08FE500A05426 /* AppDelegate.swift */,
				81CFA17128A08FE500A05426 /* SceneDelegate.swift */,
				81CFA17328A08FE500A05426 /* ViewController.swift */,
				81CFA17528A08FE500A05426 /* Main.storyboard */,
				813BBB7328A5DD1A00750120 /* CameraViewController.swift */,
				818AA6DD28A4939B001E4281 /* MapViewController.swift */,
				810B29D128A1F63400E6FFE8 /* MainViewController.swift */,
				81CFA17828A08FE600A05426 /* Assets.xcassets */,
				81CFA17A28A08FE600A05426 /* LaunchScreen.storyboard */,
				81CFA17D28A08FE600A05426 /* Info.plist */,
				81CFA19228A0911200A05426 /* APIKey.swift */,
				81CFA19B28A0ABF400A05426 /* ClosureViewController.swift */,
			);
			path = SeSACWeek6th;
			sourceTree = "<group>";
		};
		81CFA18328A08FF400A05426 /* View */ = {
			isa = PBXGroup;
			children = (
				810B29D328A1FC2500E6FFE8 /* MainTableViewCell.swift */,
				810B29CD28A1F37E00E6FFE8 /* CardCollectionViewCell.swift */,
				810B29CE28A1F37E00E6FFE8 /* CardCollectionViewCell.xib */,
				810B29C728A1E03300E6FFE8 /* SeSACButton.swift */,
				810B29C928A1E60100E6FFE8 /* CardView.xib */,
				810B29CB28A1E64400E6FFE8 /* CardView.swift */,
			);
			path = View;
			sourceTree = "<group>";
		};
		81CFA19428A0948400A05426 /* Network */ = {
			isa = PBXGroup;
			children = (
				81CFA19528A0949D00A05426 /* Endpoint.swift */,
				81CFA19728A0951500A05426 /* URL+Extension.swift */,
				81CFA19928A0A79300A05426 /* KakaoAPIManger.swift */,
				81652DB928A343E60061AD3A /* TMDBAPIManager.swift */,
			);
			path = Network;
			sourceTree = "<group>";
		};
/* End PBXGroup section */

/* Begin PBXNativeTarget section */
		81CFA16B28A08FE500A05426 /* SeSACWeek6th */ = {
			isa = PBXNativeTarget;
			buildConfigurationList = 81CFA18028A08FE600A05426 /* Build configuration list for PBXNativeTarget "SeSACWeek6th" */;
			buildPhases = (
				81CFA16828A08FE500A05426 /* Sources */,
				81CFA16928A08FE500A05426 /* Frameworks */,
				81CFA16A28A08FE500A05426 /* Resources */,
			);
			buildRules = (
			);
			dependencies = (
			);
			name = SeSACWeek6th;
			packageProductDependencies = (
				81CFA18528A0901800A05426 /* Alamofire */,
				81CFA18828A0902300A05426 /* SwiftyJSON */,
				81CFA18E28A0903F00A05426 /* Kingfisher */,
				813BBB7128A5D89500750120 /* YPImagePicker */,
			);
			productName = SeSACWeek6th;
			productReference = 81CFA16C28A08FE500A05426 /* SeSACWeek6th.app */;
			productType = "com.apple.product-type.application";
		};
/* End PBXNativeTarget section */

/* Begin PBXProject section */
		81CFA16428A08FE500A05426 /* Project object */ = {
			isa = PBXProject;
			attributes = {
				BuildIndependentTargetsInParallel = 1;
				LastSwiftUpdateCheck = 1340;
				LastUpgradeCheck = 1340;
				TargetAttributes = {
					81CFA16B28A08FE500A05426 = {
						CreatedOnToolsVersion = 13.4.1;
					};
				};
			};
			buildConfigurationList = 81CFA16728A08FE500A05426 /* Build configuration list for PBXProject "SeSACWeek6th" */;
			compatibilityVersion = "Xcode 13.0";
			developmentRegion = en;
			hasScannedForEncodings = 0;
			knownRegions = (
				en,
				Base,
			);
			mainGroup = 81CFA16328A08FE500A05426;
			packageReferences = (
				81CFA18428A0901800A05426 /* XCRemoteSwiftPackageReference "Alamofire" */,
				81CFA18728A0902300A05426 /* XCRemoteSwiftPackageReference "SwiftyJSON" */,
				81CFA18D28A0903F00A05426 /* XCRemoteSwiftPackageReference "Kingfisher" */,
				813BBB7028A5D89500750120 /* XCRemoteSwiftPackageReference "YPImagePicker" */,
			);
			productRefGroup = 81CFA16D28A08FE500A05426 /* Products */;
			projectDirPath = "";
			projectRoot = "";
			targets = (
				81CFA16B28A08FE500A05426 /* SeSACWeek6th */,
			);
		};
/* End PBXProject section */

/* Begin PBXResourcesBuildPhase section */
		81CFA16A28A08FE500A05426 /* Resources */ = {
			isa = PBXResourcesBuildPhase;
			buildActionMask = 2147483647;
			files = (
				8192697928A88F0E00B28867 /* Weather.storyboard in Resources */,
				81CFA19128A090CA00A05426 /* .gitignore in Resources */,
				81CFA17C28A08FE600A05426 /* LaunchScreen.storyboard in Resources */,
				810B29CA28A1E60100E6FFE8 /* CardView.xib in Resources */,
				81CFA17928A08FE600A05426 /* Assets.xcassets in Resources */,
				810B29D028A1F37E00E6FFE8 /* CardCollectionViewCell.xib in Resources */,
				81CFA17728A08FE500A05426 /* Main.storyboard in Resources */,
			);
			runOnlyForDeploymentPostprocessing = 0;
		};
/* End PBXResourcesBuildPhase section */

/* Begin PBXSourcesBuildPhase section */
		81CFA16828A08FE500A05426 /* Sources */ = {
			isa = PBXSourcesBuildPhase;
			buildActionMask = 2147483647;
			files = (
				810B29D428A1FC2500E6FFE8 /* MainTableViewCell.swift in Sources */,
				81CFA17428A08FE500A05426 /* ViewController.swift in Sources */,
				81CFA17028A08FE500A05426 /* AppDelegate.swift in Sources */,
				813BBB7428A5DD1A00750120 /* CameraViewController.swift in Sources */,
				81CFA19C28A0ABF400A05426 /* ClosureViewController.swift in Sources */,
				810B29D228A1F63400E6FFE8 /* MainViewController.swift in Sources */,
				810B29CF28A1F37E00E6FFE8 /* CardCollectionViewCell.swift in Sources */,
				8192696D28A87D3000B28867 /* LocationAPI.swift in Sources */,
				81CFA19328A0911200A05426 /* APIKey.swift in Sources */,
				810B29CC28A1E64400E6FFE8 /* CardView.swift in Sources */,
				8192697028A881DB00B28867 /* LocationInfo.swift in Sources */,
				81CFA17228A08FE500A05426 /* SceneDelegate.swift in Sources */,
				810B29C828A1E03300E6FFE8 /* SeSACButton.swift in Sources */,
				81CFA19628A0949D00A05426 /* Endpoint.swift in Sources */,
				8192697428A887C000B28867 /* WeatherInfo.swift in Sources */,
				8192697B28A8B76E00B28867 /* WeatherStatus.swift in Sources */,
				81652DB828A3306F0061AD3A /* ReusableViewProtocol.swift in Sources */,
				81CFA19A28A0A79300A05426 /* KakaoAPIManger.swift in Sources */,
				81652DBA28A343E60061AD3A /* TMDBAPIManager.swift in Sources */,
				8192697228A8841600B28867 /* WeatherAPI.swift in Sources */,
				81CFA19828A0951500A05426 /* URL+Extension.swift in Sources */,
				818AA6DE28A4939B001E4281 /* MapViewController.swift in Sources */,
				8192697728A88F0500B28867 /* WeatherViewController.swift in Sources */,
			);
			runOnlyForDeploymentPostprocessing = 0;
		};
/* End PBXSourcesBuildPhase section */

/* Begin PBXVariantGroup section */
		81CFA17528A08FE500A05426 /* Main.storyboard */ = {
			isa = PBXVariantGroup;
			children = (
				81CFA17628A08FE500A05426 /* Base */,
			);
			name = Main.storyboard;
			sourceTree = "<group>";
		};
		81CFA17A28A08FE600A05426 /* LaunchScreen.storyboard */ = {
			isa = PBXVariantGroup;
			children = (
				81CFA17B28A08FE600A05426 /* Base */,
			);
			name = LaunchScreen.storyboard;
			sourceTree = "<group>";
		};
/* End PBXVariantGroup section */

/* Begin XCBuildConfiguration section */
		81CFA17E28A08FE600A05426 /* Debug */ = {
			isa = XCBuildConfiguration;
			buildSettings = {
				ALWAYS_SEARCH_USER_PATHS = NO;
				CLANG_ANALYZER_NONNULL = YES;
				CLANG_ANALYZER_NUMBER_OBJECT_CONVERSION = YES_AGGRESSIVE;
				CLANG_CXX_LANGUAGE_STANDARD = "gnu++17";
				CLANG_ENABLE_MODULES = YES;
				CLANG_ENABLE_OBJC_ARC = YES;
				CLANG_ENABLE_OBJC_WEAK = YES;
				CLANG_WARN_BLOCK_CAPTURE_AUTORELEASING = YES;
				CLANG_WARN_BOOL_CONVERSION = YES;
				CLANG_WARN_COMMA = YES;
				CLANG_WARN_CONSTANT_CONVERSION = YES;
				CLANG_WARN_DEPRECATED_OBJC_IMPLEMENTATIONS = YES;
				CLANG_WARN_DIRECT_OBJC_ISA_USAGE = YES_ERROR;
				CLANG_WARN_DOCUMENTATION_COMMENTS = YES;
				CLANG_WARN_EMPTY_BODY = YES;
				CLANG_WARN_ENUM_CONVERSION = YES;
				CLANG_WARN_INFINITE_RECURSION = YES;
				CLANG_WARN_INT_CONVERSION = YES;
				CLANG_WARN_NON_LITERAL_NULL_CONVERSION = YES;
				CLANG_WARN_OBJC_IMPLICIT_RETAIN_SELF = YES;
				CLANG_WARN_OBJC_LITERAL_CONVERSION = YES;
				CLANG_WARN_OBJC_ROOT_CLASS = YES_ERROR;
				CLANG_WARN_QUOTED_INCLUDE_IN_FRAMEWORK_HEADER = YES;
				CLANG_WARN_RANGE_LOOP_ANALYSIS = YES;
				CLANG_WARN_STRICT_PROTOTYPES = YES;
				CLANG_WARN_SUSPICIOUS_MOVE = YES;
				CLANG_WARN_UNGUARDED_AVAILABILITY = YES_AGGRESSIVE;
				CLANG_WARN_UNREACHABLE_CODE = YES;
				CLANG_WARN__DUPLICATE_METHOD_MATCH = YES;
				COPY_PHASE_STRIP = NO;
				DEBUG_INFORMATION_FORMAT = dwarf;
				ENABLE_STRICT_OBJC_MSGSEND = YES;
				ENABLE_TESTABILITY = YES;
				GCC_C_LANGUAGE_STANDARD = gnu11;
				GCC_DYNAMIC_NO_PIC = NO;
				GCC_NO_COMMON_BLOCKS = YES;
				GCC_OPTIMIZATION_LEVEL = 0;
				GCC_PREPROCESSOR_DEFINITIONS = (
					"DEBUG=1",
					"$(inherited)",
				);
				GCC_WARN_64_TO_32_BIT_CONVERSION = YES;
				GCC_WARN_ABOUT_RETURN_TYPE = YES_ERROR;
				GCC_WARN_UNDECLARED_SELECTOR = YES;
				GCC_WARN_UNINITIALIZED_AUTOS = YES_AGGRESSIVE;
				GCC_WARN_UNUSED_FUNCTION = YES;
				GCC_WARN_UNUSED_VARIABLE = YES;
				IPHONEOS_DEPLOYMENT_TARGET = 15.5;
				MTL_ENABLE_DEBUG_INFO = INCLUDE_SOURCE;
				MTL_FAST_MATH = YES;
				ONLY_ACTIVE_ARCH = YES;
				SDKROOT = iphoneos;
				SWIFT_ACTIVE_COMPILATION_CONDITIONS = DEBUG;
				SWIFT_OPTIMIZATION_LEVEL = "-Onone";
			};
			name = Debug;
		};
		81CFA17F28A08FE600A05426 /* Release */ = {
			isa = XCBuildConfiguration;
			buildSettings = {
				ALWAYS_SEARCH_USER_PATHS = NO;
				CLANG_ANALYZER_NONNULL = YES;
				CLANG_ANALYZER_NUMBER_OBJECT_CONVERSION = YES_AGGRESSIVE;
				CLANG_CXX_LANGUAGE_STANDARD = "gnu++17";
				CLANG_ENABLE_MODULES = YES;
				CLANG_ENABLE_OBJC_ARC = YES;
				CLANG_ENABLE_OBJC_WEAK = YES;
				CLANG_WARN_BLOCK_CAPTURE_AUTORELEASING = YES;
				CLANG_WARN_BOOL_CONVERSION = YES;
				CLANG_WARN_COMMA = YES;
				CLANG_WARN_CONSTANT_CONVERSION = YES;
				CLANG_WARN_DEPRECATED_OBJC_IMPLEMENTATIONS = YES;
				CLANG_WARN_DIRECT_OBJC_ISA_USAGE = YES_ERROR;
				CLANG_WARN_DOCUMENTATION_COMMENTS = YES;
				CLANG_WARN_EMPTY_BODY = YES;
				CLANG_WARN_ENUM_CONVERSION = YES;
				CLANG_WARN_INFINITE_RECURSION = YES;
				CLANG_WARN_INT_CONVERSION = YES;
				CLANG_WARN_NON_LITERAL_NULL_CONVERSION = YES;
				CLANG_WARN_OBJC_IMPLICIT_RETAIN_SELF = YES;
				CLANG_WARN_OBJC_LITERAL_CONVERSION = YES;
				CLANG_WARN_OBJC_ROOT_CLASS = YES_ERROR;
				CLANG_WARN_QUOTED_INCLUDE_IN_FRAMEWORK_HEADER = YES;
				CLANG_WARN_RANGE_LOOP_ANALYSIS = YES;
				CLANG_WARN_STRICT_PROTOTYPES = YES;
				CLANG_WARN_SUSPICIOUS_MOVE = YES;
				CLANG_WARN_UNGUARDED_AVAILABILITY = YES_AGGRESSIVE;
				CLANG_WARN_UNREACHABLE_CODE = YES;
				CLANG_WARN__DUPLICATE_METHOD_MATCH = YES;
				COPY_PHASE_STRIP = NO;
				DEBUG_INFORMATION_FORMAT = "dwarf-with-dsym";
				ENABLE_NS_ASSERTIONS = NO;
				ENABLE_STRICT_OBJC_MSGSEND = YES;
				GCC_C_LANGUAGE_STANDARD = gnu11;
				GCC_NO_COMMON_BLOCKS = YES;
				GCC_WARN_64_TO_32_BIT_CONVERSION = YES;
				GCC_WARN_ABOUT_RETURN_TYPE = YES_ERROR;
				GCC_WARN_UNDECLARED_SELECTOR = YES;
				GCC_WARN_UNINITIALIZED_AUTOS = YES_AGGRESSIVE;
				GCC_WARN_UNUSED_FUNCTION = YES;
				GCC_WARN_UNUSED_VARIABLE = YES;
				IPHONEOS_DEPLOYMENT_TARGET = 15.5;
				MTL_ENABLE_DEBUG_INFO = NO;
				MTL_FAST_MATH = YES;
				SDKROOT = iphoneos;
				SWIFT_COMPILATION_MODE = wholemodule;
				SWIFT_OPTIMIZATION_LEVEL = "-O";
				VALIDATE_PRODUCT = YES;
			};
			name = Release;
		};
		81CFA18128A08FE600A05426 /* Debug */ = {
			isa = XCBuildConfiguration;
			buildSettings = {
				ASSETCATALOG_COMPILER_APPICON_NAME = AppIcon;
				ASSETCATALOG_COMPILER_GLOBAL_ACCENT_COLOR_NAME = AccentColor;
				CODE_SIGN_STYLE = Automatic;
				CURRENT_PROJECT_VERSION = 1;
				DEVELOPMENT_TEAM = D6A93QYKAF;
				GENERATE_INFOPLIST_FILE = YES;
				INFOPLIST_FILE = SeSACWeek6th/Info.plist;
				INFOPLIST_KEY_UIApplicationSupportsIndirectInputEvents = YES;
				INFOPLIST_KEY_UILaunchStoryboardName = LaunchScreen;
				INFOPLIST_KEY_UIMainStoryboardFile = Main;
				INFOPLIST_KEY_UISupportedInterfaceOrientations_iPad = "UIInterfaceOrientationPortrait UIInterfaceOrientationPortraitUpsideDown UIInterfaceOrientationLandscapeLeft UIInterfaceOrientationLandscapeRight";
				INFOPLIST_KEY_UISupportedInterfaceOrientations_iPhone = "UIInterfaceOrientationPortrait UIInterfaceOrientationLandscapeLeft UIInterfaceOrientationLandscapeRight";
				LD_RUNPATH_SEARCH_PATHS = (
					"$(inherited)",
					"@executable_path/Frameworks",
				);
				MARKETING_VERSION = 1.0;
				PRODUCT_BUNDLE_IDENTIFIER = com.daniel.SeSACWeek6th;
				PRODUCT_NAME = "$(TARGET_NAME)";
				SWIFT_EMIT_LOC_STRINGS = YES;
				SWIFT_VERSION = 5.0;
				TARGETED_DEVICE_FAMILY = "1,2";
			};
			name = Debug;
		};
		81CFA18228A08FE600A05426 /* Release */ = {
			isa = XCBuildConfiguration;
			buildSettings = {
				ASSETCATALOG_COMPILER_APPICON_NAME = AppIcon;
				ASSETCATALOG_COMPILER_GLOBAL_ACCENT_COLOR_NAME = AccentColor;
				CODE_SIGN_STYLE = Automatic;
				CURRENT_PROJECT_VERSION = 1;
				DEVELOPMENT_TEAM = D6A93QYKAF;
				GENERATE_INFOPLIST_FILE = YES;
				INFOPLIST_FILE = SeSACWeek6th/Info.plist;
				INFOPLIST_KEY_UIApplicationSupportsIndirectInputEvents = YES;
				INFOPLIST_KEY_UILaunchStoryboardName = LaunchScreen;
				INFOPLIST_KEY_UIMainStoryboardFile = Main;
				INFOPLIST_KEY_UISupportedInterfaceOrientations_iPad = "UIInterfaceOrientationPortrait UIInterfaceOrientationPortraitUpsideDown UIInterfaceOrientationLandscapeLeft UIInterfaceOrientationLandscapeRight";
				INFOPLIST_KEY_UISupportedInterfaceOrientations_iPhone = "UIInterfaceOrientationPortrait UIInterfaceOrientationLandscapeLeft UIInterfaceOrientationLandscapeRight";
				LD_RUNPATH_SEARCH_PATHS = (
					"$(inherited)",
					"@executable_path/Frameworks",
				);
				MARKETING_VERSION = 1.0;
				PRODUCT_BUNDLE_IDENTIFIER = com.daniel.SeSACWeek6th;
				PRODUCT_NAME = "$(TARGET_NAME)";
				SWIFT_EMIT_LOC_STRINGS = YES;
				SWIFT_VERSION = 5.0;
				TARGETED_DEVICE_FAMILY = "1,2";
			};
			name = Release;
		};
/* End XCBuildConfiguration section */

/* Begin XCConfigurationList section */
		81CFA16728A08FE500A05426 /* Build configuration list for PBXProject "SeSACWeek6th" */ = {
			isa = XCConfigurationList;
			buildConfigurations = (
				81CFA17E28A08FE600A05426 /* Debug */,
				81CFA17F28A08FE600A05426 /* Release */,
			);
			defaultConfigurationIsVisible = 0;
			defaultConfigurationName = Release;
		};
		81CFA18028A08FE600A05426 /* Build configuration list for PBXNativeTarget "SeSACWeek6th" */ = {
			isa = XCConfigurationList;
			buildConfigurations = (
				81CFA18128A08FE600A05426 /* Debug */,
				81CFA18228A08FE600A05426 /* Release */,
			);
			defaultConfigurationIsVisible = 0;
			defaultConfigurationName = Release;
		};
/* End XCConfigurationList section */

/* Begin XCRemoteSwiftPackageReference section */
		813BBB7028A5D89500750120 /* XCRemoteSwiftPackageReference "YPImagePicker" */ = {
			isa = XCRemoteSwiftPackageReference;
			repositoryURL = "https://github.com/Yummypets/YPImagePicker.git";
			requirement = {
				kind = upToNextMajorVersion;
				minimumVersion = 5.0.0;
			};
		};
		81CFA18428A0901800A05426 /* XCRemoteSwiftPackageReference "Alamofire" */ = {
			isa = XCRemoteSwiftPackageReference;
			repositoryURL = "https://github.com/Alamofire/Alamofire";
			requirement = {
				kind = upToNextMajorVersion;
				minimumVersion = 5.0.0;
			};
		};
		81CFA18728A0902300A05426 /* XCRemoteSwiftPackageReference "SwiftyJSON" */ = {
			isa = XCRemoteSwiftPackageReference;
			repositoryURL = "https://github.com/SwiftyJSON/SwiftyJSON";
			requirement = {
				kind = upToNextMajorVersion;
				minimumVersion = 5.0.0;
			};
		};
		81CFA18D28A0903F00A05426 /* XCRemoteSwiftPackageReference "Kingfisher" */ = {
			isa = XCRemoteSwiftPackageReference;
			repositoryURL = "https://github.com/onevcat/Kingfisher.git";
			requirement = {
				kind = upToNextMajorVersion;
				minimumVersion = 7.0.0;
			};
		};
/* End XCRemoteSwiftPackageReference section */

/* Begin XCSwiftPackageProductDependency section */
		813BBB7128A5D89500750120 /* YPImagePicker */ = {
			isa = XCSwiftPackageProductDependency;
			package = 813BBB7028A5D89500750120 /* XCRemoteSwiftPackageReference "YPImagePicker" */;
			productName = YPImagePicker;
		};
		81CFA18528A0901800A05426 /* Alamofire */ = {
			isa = XCSwiftPackageProductDependency;
			package = 81CFA18428A0901800A05426 /* XCRemoteSwiftPackageReference "Alamofire" */;
			productName = Alamofire;
		};
		81CFA18828A0902300A05426 /* SwiftyJSON */ = {
			isa = XCSwiftPackageProductDependency;
			package = 81CFA18728A0902300A05426 /* XCRemoteSwiftPackageReference "SwiftyJSON" */;
			productName = SwiftyJSON;
		};
		81CFA18E28A0903F00A05426 /* Kingfisher */ = {
			isa = XCSwiftPackageProductDependency;
			package = 81CFA18D28A0903F00A05426 /* XCRemoteSwiftPackageReference "Kingfisher" */;
			productName = Kingfisher;
		};
/* End XCSwiftPackageProductDependency section */
	};
	rootObject = 81CFA16428A08FE500A05426 /* Project object */;
}
